
Microsoft Visual Studio Solution File, Format Version 12.00
# Visual Studio Version 17
VisualStudioVersion = 17.4.33403.182
MinimumVisualStudioVersion = 10.0.40219.1
Project("{FAE04EC0-301F-11D3-BF4B-00C04F79EFBC}") = "Flip H or T", "Flip H or T\Flip H or T.csproj", "{71CFC298-4479-4D37-AAEF-EA556F81236E}"
EndProject
Global
	GlobalSection(SolutionConfigurationPlatforms) = preSolution
		Debug|Any CPU = Debug|Any CPU
		Release|Any CPU = Release|Any CPU
	EndGlobalSection
	GlobalSection(ProjectConfigurationPlatforms) = postSolution
		{71CFC298-4479-4D37-AAEF-EA556F81236E}.Debug|Any CPU.ActiveCfg = Debug|Any CPU
		{71CFC298-4479-4D37-AAEF-EA556F81236E}.Debug|Any CPU.Build.0 = Debug|Any CPU
		{71CFC298-4479-4D37-AAEF-EA556F81236E}.Release|Any CPU.ActiveCfg = Release|Any CPU
		{71CFC298-4479-4D37-AAEF-EA556F81236E}.Release|Any CPU.Build.0 = Release|Any CPU
	EndGlobalSection
	GlobalSection(SolutionProperties) = preSolution
		HideSolutionNode = FALSE
	EndGlobalSection
	GlobalSection(ExtensibilityGlobals) = postSolution
		SolutionGuid = {508D41B6-6A51-4F3E-A30A-B1E63EF95374}
	EndGlobalSection
EndGlobal
