
Microsoft Visual Studio Solution File, Format Version 12.00
# Visual Studio Version 17
VisualStudioVersion = 17.4.33403.182
MinimumVisualStudioVersion = 10.0.40219.1
Project("{FAE04EC0-301F-11D3-BF4B-00C04F79EFBC}") = "Alphabet is vowel or constants", "Alphabet is vowel or constants\Alphabet is vowel or constants.csproj", "{4B37C4D5-3D31-4B14-A422-39BA5DC6345E}"
EndProject
Global
	GlobalSection(SolutionConfigurationPlatforms) = preSolution
		Debug|Any CPU = Debug|Any CPU
		Release|Any CPU = Release|Any CPU
	EndGlobalSection
	GlobalSection(ProjectConfigurationPlatforms) = postSolution
		{4B37C4D5-3D31-4B14-A422-39BA5DC6345E}.Debug|Any CPU.ActiveCfg = Debug|Any CPU
		{4B37C4D5-3D31-4B14-A422-39BA5DC6345E}.Debug|Any CPU.Build.0 = Debug|Any CPU
		{4B37C4D5-3D31-4B14-A422-39BA5DC6345E}.Release|Any CPU.ActiveCfg = Release|Any CPU
		{4B37C4D5-3D31-4B14-A422-39BA5DC6345E}.Release|Any CPU.Build.0 = Release|Any CPU
	EndGlobalSection
	GlobalSection(SolutionProperties) = preSolution
		HideSolutionNode = FALSE
	EndGlobalSection
	GlobalSection(ExtensibilityGlobals) = postSolution
		SolutionGuid = {09FDE900-F25C-4C57-81A7-9F7AFB03CD25}
	EndGlobalSection
EndGlobal
