
Microsoft Visual Studio Solution File, Format Version 12.00
# Visual Studio Version 17
VisualStudioVersion = 17.4.33403.182
MinimumVisualStudioVersion = 10.0.40219.1
Project("{FAE04EC0-301F-11D3-BF4B-00C04F79EFBC}") = "Factors", "Factors\Factors.csproj", "{35D030E5-91ED-40D4-BF8D-93033E61FBF2}"
EndProject
Global
	GlobalSection(SolutionConfigurationPlatforms) = preSolution
		Debug|Any CPU = Debug|Any CPU
		Release|Any CPU = Release|Any CPU
	EndGlobalSection
	GlobalSection(ProjectConfigurationPlatforms) = postSolution
		{35D030E5-91ED-40D4-BF8D-93033E61FBF2}.Debug|Any CPU.ActiveCfg = Debug|Any CPU
		{35D030E5-91ED-40D4-BF8D-93033E61FBF2}.Debug|Any CPU.Build.0 = Debug|Any CPU
		{35D030E5-91ED-40D4-BF8D-93033E61FBF2}.Release|Any CPU.ActiveCfg = Release|Any CPU
		{35D030E5-91ED-40D4-BF8D-93033E61FBF2}.Release|Any CPU.Build.0 = Release|Any CPU
	EndGlobalSection
	GlobalSection(SolutionProperties) = preSolution
		HideSolutionNode = FALSE
	EndGlobalSection
	GlobalSection(ExtensibilityGlobals) = postSolution
		SolutionGuid = {BA529864-3DE6-46A6-83BD-54CD8C837257}
	EndGlobalSection
EndGlobal
