
Microsoft Visual Studio Solution File, Format Version 12.00
# Visual Studio Version 17
VisualStudioVersion = 17.4.33403.182
MinimumVisualStudioVersion = 10.0.40219.1
Project("{FAE04EC0-301F-11D3-BF4B-00C04F79EFBC}") = "Largest among 3 numbers", "Largest among 3 numbers\Largest among 3 numbers.csproj", "{328CD1E9-5457-4914-837B-440122C250DE}"
EndProject
Global
	GlobalSection(SolutionConfigurationPlatforms) = preSolution
		Debug|Any CPU = Debug|Any CPU
		Release|Any CPU = Release|Any CPU
	EndGlobalSection
	GlobalSection(ProjectConfigurationPlatforms) = postSolution
		{328CD1E9-5457-4914-837B-440122C250DE}.Debug|Any CPU.ActiveCfg = Debug|Any CPU
		{328CD1E9-5457-4914-837B-440122C250DE}.Debug|Any CPU.Build.0 = Debug|Any CPU
		{328CD1E9-5457-4914-837B-440122C250DE}.Release|Any CPU.ActiveCfg = Release|Any CPU
		{328CD1E9-5457-4914-837B-440122C250DE}.Release|Any CPU.Build.0 = Release|Any CPU
	EndGlobalSection
	GlobalSection(SolutionProperties) = preSolution
		HideSolutionNode = FALSE
	EndGlobalSection
	GlobalSection(ExtensibilityGlobals) = postSolution
		SolutionGuid = {6AF9F23F-B221-4D76-A69C-A781129ADFAE}
	EndGlobalSection
EndGlobal
